
Microsoft Visual Studio Solution File, Format Version 12.00
# Visual Studio Version 16
VisualStudioVersion = 16.0.30128.74
MinimumVisualStudioVersion = 10.0.40219.1
Project("{9A19103F-16F7-4668-BE54-9A1E7A4F7556}") = "ECommerce.Common", "ECommerce.Common\ECommerce.Common.csproj", "{E49C1688-1757-4493-AF4B-9F4D4A579F3D}"
EndProject
Project("{9A19103F-16F7-4668-BE54-9A1E7A4F7556}") = "ECommerce.Identity", "ECommerce.Identity\ECommerce.Identity.csproj", "{A5AB0AE5-D456-4B41-9B7F-51AD6ABD0CA8}"
EndProject
Project("{9A19103F-16F7-4668-BE54-9A1E7A4F7556}") = "ECommerce.Product", "Ecommerce.Product\ECommerce.Product.csproj", "{5605A6C3-0B53-485A-A060-212F7F6F914D}"
EndProject
Project("{9A19103F-16F7-4668-BE54-9A1E7A4F7556}") = "ECommerce.Supplier", "ECommerce.Supplier\ECommerce.Supplier.csproj", "{BC89B562-128E-4483-8EAD-BE91C9A24BCB}"
EndProject
Project("{9A19103F-16F7-4668-BE54-9A1E7A4F7556}") = "ECommerce.Ordering", "ECommerce.Order\ECommerce.Ordering.csproj", "{DE4DEFE0-45A5-4D84-8931-459ABBECF647}"
EndProject
Project("{FAE04EC0-301F-11D3-BF4B-00C04F79EFBC}") = "ECommerce.ApiGetway", "ECommerce.ApiGetway\ECommerce.ApiGetway.csproj", "{59C49225-06B2-4624-A3DC-078174FB4C24}"
EndProject
Project("{E53339B2-1760-4266-BCC7-CA923CBCF16C}") = "docker-compose", "docker-compose.dcproj", "{F2A2CA73-F4C2-4FB9-8818-B522C1704B00}"
EndProject
Global
	GlobalSection(SolutionConfigurationPlatforms) = preSolution
		Debug|Any CPU = Debug|Any CPU
		Release|Any CPU = Release|Any CPU
	EndGlobalSection
	GlobalSection(ProjectConfigurationPlatforms) = postSolution
		{E49C1688-1757-4493-AF4B-9F4D4A579F3D}.Debug|Any CPU.ActiveCfg = Debug|Any CPU
		{E49C1688-1757-4493-AF4B-9F4D4A579F3D}.Debug|Any CPU.Build.0 = Debug|Any CPU
		{E49C1688-1757-4493-AF4B-9F4D4A579F3D}.Release|Any CPU.ActiveCfg = Release|Any CPU
		{E49C1688-1757-4493-AF4B-9F4D4A579F3D}.Release|Any CPU.Build.0 = Release|Any CPU
		{A5AB0AE5-D456-4B41-9B7F-51AD6ABD0CA8}.Debug|Any CPU.ActiveCfg = Debug|Any CPU
		{A5AB0AE5-D456-4B41-9B7F-51AD6ABD0CA8}.Debug|Any CPU.Build.0 = Debug|Any CPU
		{A5AB0AE5-D456-4B41-9B7F-51AD6ABD0CA8}.Release|Any CPU.ActiveCfg = Release|Any CPU
		{A5AB0AE5-D456-4B41-9B7F-51AD6ABD0CA8}.Release|Any CPU.Build.0 = Release|Any CPU
		{5605A6C3-0B53-485A-A060-212F7F6F914D}.Debug|Any CPU.ActiveCfg = Debug|Any CPU
		{5605A6C3-0B53-485A-A060-212F7F6F914D}.Debug|Any CPU.Build.0 = Debug|Any CPU
		{5605A6C3-0B53-485A-A060-212F7F6F914D}.Release|Any CPU.ActiveCfg = Release|Any CPU
		{5605A6C3-0B53-485A-A060-212F7F6F914D}.Release|Any CPU.Build.0 = Release|Any CPU
		{BC89B562-128E-4483-8EAD-BE91C9A24BCB}.Debug|Any CPU.ActiveCfg = Debug|Any CPU
		{BC89B562-128E-4483-8EAD-BE91C9A24BCB}.Debug|Any CPU.Build.0 = Debug|Any CPU
		{BC89B562-128E-4483-8EAD-BE91C9A24BCB}.Release|Any CPU.ActiveCfg = Release|Any CPU
		{BC89B562-128E-4483-8EAD-BE91C9A24BCB}.Release|Any CPU.Build.0 = Release|Any CPU
		{DE4DEFE0-45A5-4D84-8931-459ABBECF647}.Debug|Any CPU.ActiveCfg = Debug|Any CPU
		{DE4DEFE0-45A5-4D84-8931-459ABBECF647}.Debug|Any CPU.Build.0 = Debug|Any CPU
		{DE4DEFE0-45A5-4D84-8931-459ABBECF647}.Release|Any CPU.ActiveCfg = Release|Any CPU
		{DE4DEFE0-45A5-4D84-8931-459ABBECF647}.Release|Any CPU.Build.0 = Release|Any CPU
		{59C49225-06B2-4624-A3DC-078174FB4C24}.Debug|Any CPU.ActiveCfg = Debug|Any CPU
		{59C49225-06B2-4624-A3DC-078174FB4C24}.Debug|Any CPU.Build.0 = Debug|Any CPU
		{59C49225-06B2-4624-A3DC-078174FB4C24}.Release|Any CPU.ActiveCfg = Release|Any CPU
		{59C49225-06B2-4624-A3DC-078174FB4C24}.Release|Any CPU.Build.0 = Release|Any CPU
		{F2A2CA73-F4C2-4FB9-8818-B522C1704B00}.Debug|Any CPU.ActiveCfg = Debug|Any CPU
		{F2A2CA73-F4C2-4FB9-8818-B522C1704B00}.Debug|Any CPU.Build.0 = Debug|Any CPU
		{F2A2CA73-F4C2-4FB9-8818-B522C1704B00}.Release|Any CPU.ActiveCfg = Release|Any CPU
		{F2A2CA73-F4C2-4FB9-8818-B522C1704B00}.Release|Any CPU.Build.0 = Release|Any CPU
	EndGlobalSection
	GlobalSection(SolutionProperties) = preSolution
		HideSolutionNode = FALSE
	EndGlobalSection
	GlobalSection(ExtensibilityGlobals) = postSolution
		SolutionGuid = {2B0AE87F-AA4F-4BA5-8D4F-7FB0DA4775A3}
	EndGlobalSection
EndGlobal
